
Microsoft Visual Studio Solution File, Format Version 12.00
# Visual Studio 15
VisualStudioVersion = 15.0.28307.572
MinimumVisualStudioVersion = 10.0.40219.1
Project("{9A19103F-16F7-4668-BE54-9A1E7A4F7556}") = "CalcJuros", "CalcJuros\CalcJuros.csproj", "{CCA30B67-18DE-4D22-B0DA-30776293E67C}"
EndProject
Project("{9A19103F-16F7-4668-BE54-9A1E7A4F7556}") = "CalcJuros.Tests", "CalcJuros.Tests\CalcJuros.Tests.csproj", "{7555C420-F2D6-40D0-AF48-DC0B9B7CA460}"
EndProject
Project("{9A19103F-16F7-4668-BE54-9A1E7A4F7556}") = "CalcJuros.Core", "CalcJuros.Core\CalcJuros.Core.csproj", "{26041A20-375D-4C2C-8E9F-BCFFF3232251}"
EndProject
Project("{9A19103F-16F7-4668-BE54-9A1E7A4F7556}") = "CalcJuros.IntegrationTests", "CalcJuros.IntegrationTests\CalcJuros.IntegrationTests.csproj", "{BF33F282-DBA1-4F7F-BB5F-AE6816849D14}"
EndProject
Global
	GlobalSection(SolutionConfigurationPlatforms) = preSolution
		Debug|Any CPU = Debug|Any CPU
		Release|Any CPU = Release|Any CPU
	EndGlobalSection
	GlobalSection(ProjectConfigurationPlatforms) = postSolution
		{CCA30B67-18DE-4D22-B0DA-30776293E67C}.Debug|Any CPU.ActiveCfg = Debug|Any CPU
		{CCA30B67-18DE-4D22-B0DA-30776293E67C}.Debug|Any CPU.Build.0 = Debug|Any CPU
		{CCA30B67-18DE-4D22-B0DA-30776293E67C}.Release|Any CPU.ActiveCfg = Release|Any CPU
		{CCA30B67-18DE-4D22-B0DA-30776293E67C}.Release|Any CPU.Build.0 = Release|Any CPU
		{7555C420-F2D6-40D0-AF48-DC0B9B7CA460}.Debug|Any CPU.ActiveCfg = Debug|Any CPU
		{7555C420-F2D6-40D0-AF48-DC0B9B7CA460}.Debug|Any CPU.Build.0 = Debug|Any CPU
		{7555C420-F2D6-40D0-AF48-DC0B9B7CA460}.Release|Any CPU.ActiveCfg = Release|Any CPU
		{7555C420-F2D6-40D0-AF48-DC0B9B7CA460}.Release|Any CPU.Build.0 = Release|Any CPU
		{26041A20-375D-4C2C-8E9F-BCFFF3232251}.Debug|Any CPU.ActiveCfg = Debug|Any CPU
		{26041A20-375D-4C2C-8E9F-BCFFF3232251}.Debug|Any CPU.Build.0 = Debug|Any CPU
		{26041A20-375D-4C2C-8E9F-BCFFF3232251}.Release|Any CPU.ActiveCfg = Release|Any CPU
		{26041A20-375D-4C2C-8E9F-BCFFF3232251}.Release|Any CPU.Build.0 = Release|Any CPU
		{BF33F282-DBA1-4F7F-BB5F-AE6816849D14}.Debug|Any CPU.ActiveCfg = Debug|Any CPU
		{BF33F282-DBA1-4F7F-BB5F-AE6816849D14}.Debug|Any CPU.Build.0 = Debug|Any CPU
		{BF33F282-DBA1-4F7F-BB5F-AE6816849D14}.Release|Any CPU.ActiveCfg = Release|Any CPU
		{BF33F282-DBA1-4F7F-BB5F-AE6816849D14}.Release|Any CPU.Build.0 = Release|Any CPU
	EndGlobalSection
	GlobalSection(SolutionProperties) = preSolution
		HideSolutionNode = FALSE
	EndGlobalSection
	GlobalSection(ExtensibilityGlobals) = postSolution
		SolutionGuid = {90A33A2D-6349-45F0-AFE6-C78E0F07C601}
	EndGlobalSection
EndGlobal
